
Microsoft Visual Studio Solution File, Format Version 12.00
# Visual Studio Version 17
VisualStudioVersion = 17.8.34330.188
MinimumVisualStudioVersion = 10.0.40219.1
Project("{9A19103F-16F7-4668-BE54-9A1E7A4F7556}") = "AALoggingPackage", "AALoggingPackage\AALoggingPackage.csproj", "{3FE1762B-08CB-40AA-A853-F3EC6EAEFC4B}"
EndProject
Project("{FAE04EC0-301F-11D3-BF4B-00C04F79EFBC}") = "AaLoggingTest-48", "AaLoggingTest-48\AaLoggingTest-48.csproj", "{A0082F81-2A79-4EE7-96D8-654836B42AF5}"
EndProject
Project("{FAE04EC0-301F-11D3-BF4B-00C04F79EFBC}") = "AaLoggingTest", "AaLoggingTest\AaLoggingTest.csproj", "{7EE907FE-2BC7-409B-B809-2D8378AD3CB4}"
EndProject
Global
	GlobalSection(SolutionConfigurationPlatforms) = preSolution
		Debug|Any CPU = Debug|Any CPU
		Release|Any CPU = Release|Any CPU
	EndGlobalSection
	GlobalSection(ProjectConfigurationPlatforms) = postSolution
		{3FE1762B-08CB-40AA-A853-F3EC6EAEFC4B}.Debug|Any CPU.ActiveCfg = Debug|Any CPU
		{3FE1762B-08CB-40AA-A853-F3EC6EAEFC4B}.Debug|Any CPU.Build.0 = Debug|Any CPU
		{3FE1762B-08CB-40AA-A853-F3EC6EAEFC4B}.Release|Any CPU.ActiveCfg = Release|Any CPU
		{3FE1762B-08CB-40AA-A853-F3EC6EAEFC4B}.Release|Any CPU.Build.0 = Release|Any CPU
		{A0082F81-2A79-4EE7-96D8-654836B42AF5}.Debug|Any CPU.ActiveCfg = Debug|Any CPU
		{A0082F81-2A79-4EE7-96D8-654836B42AF5}.Debug|Any CPU.Build.0 = Debug|Any CPU
		{A0082F81-2A79-4EE7-96D8-654836B42AF5}.Release|Any CPU.ActiveCfg = Release|Any CPU
		{A0082F81-2A79-4EE7-96D8-654836B42AF5}.Release|Any CPU.Build.0 = Release|Any CPU
		{7EE907FE-2BC7-409B-B809-2D8378AD3CB4}.Debug|Any CPU.ActiveCfg = Debug|Any CPU
		{7EE907FE-2BC7-409B-B809-2D8378AD3CB4}.Debug|Any CPU.Build.0 = Debug|Any CPU
		{7EE907FE-2BC7-409B-B809-2D8378AD3CB4}.Release|Any CPU.ActiveCfg = Release|Any CPU
		{7EE907FE-2BC7-409B-B809-2D8378AD3CB4}.Release|Any CPU.Build.0 = Release|Any CPU
	EndGlobalSection
	GlobalSection(SolutionProperties) = preSolution
		HideSolutionNode = FALSE
	EndGlobalSection
	GlobalSection(ExtensibilityGlobals) = postSolution
		SolutionGuid = {3EB9A2D4-A39F-4CBA-9020-3FD9A288ECD7}
	EndGlobalSection
EndGlobal
